// !$*UTF8*$!
{
	archiveVersion = 1;
	classes = {
	};
	objectVersion = 56;
	objects = {

/* Begin PBXBuildFile section */
		E7001A1F2A4754D4001CE4C2 /* putting_appApp.swift in Sources */ = {isa = PBXBuildFile; fileRef = E7001A1E2A4754D4001CE4C2 /* putting_appApp.swift */; };
		E7001A212A4754D4001CE4C2 /* ContentView.swift in Sources */ = {isa = PBXBuildFile; fileRef = E7001A202A4754D4001CE4C2 /* ContentView.swift */; };
		E7001A232A4754D5001CE4C2 /* Assets.xcassets in Resources */ = {isa = PBXBuildFile; fileRef = E7001A222A4754D5001CE4C2 /* Assets.xcassets */; };
		E7001A262A4754D6001CE4C2 /* Preview Assets.xcassets in Resources */ = {isa = PBXBuildFile; fileRef = E7001A252A4754D6001CE4C2 /* Preview Assets.xcassets */; };
		E7001A302A4754D6001CE4C2 /* putting_appTests.swift in Sources */ = {isa = PBXBuildFile; fileRef = E7001A2F2A4754D6001CE4C2 /* putting_appTests.swift */; };
		E7001A3A2A4754D6001CE4C2 /* putting_appUITests.swift in Sources */ = {isa = PBXBuildFile; fileRef = E7001A392A4754D6001CE4C2 /* putting_appUITests.swift */; };
		E7001A3C2A4754D6001CE4C2 /* putting_appUITestsLaunchTests.swift in Sources */ = {isa = PBXBuildFile; fileRef = E7001A3B2A4754D6001CE4C2 /* putting_appUITestsLaunchTests.swift */; };
		E75FA2DA2A4A180E0043B05E /* UIColor.swift in Sources */ = {isa = PBXBuildFile; fileRef = E75FA2D92A4A180E0043B05E /* UIColor.swift */; };
		E75FA2DC2A4A1B5D0043B05E /* CameraTestView.swift in Sources */ = {isa = PBXBuildFile; fileRef = E75FA2DB2A4A1B5D0043B05E /* CameraTestView.swift */; };
/* End PBXBuildFile section */

/* Begin PBXContainerItemProxy section */
		E7001A2C2A4754D6001CE4C2 /* PBXContainerItemProxy */ = {
			isa = PBXContainerItemProxy;
			containerPortal = E7001A132A4754D4001CE4C2 /* Project object */;
			proxyType = 1;
			remoteGlobalIDString = E7001A1A2A4754D4001CE4C2;
			remoteInfo = "putting-app";
		};
		E7001A362A4754D6001CE4C2 /* PBXContainerItemProxy */ = {
			isa = PBXContainerItemProxy;
			containerPortal = E7001A132A4754D4001CE4C2 /* Project object */;
			proxyType = 1;
			remoteGlobalIDString = E7001A1A2A4754D4001CE4C2;
			remoteInfo = "putting-app";
		};
/* End PBXContainerItemProxy section */

/* Begin PBXFileReference section */
		E7001A1B2A4754D4001CE4C2 /* putting-app.app */ = {isa = PBXFileReference; explicitFileType = wrapper.application; includeInIndex = 0; path = "putting-app.app"; sourceTree = BUILT_PRODUCTS_DIR; };
		E7001A1E2A4754D4001CE4C2 /* putting_appApp.swift */ = {isa = PBXFileReference; lastKnownFileType = sourcecode.swift; path = putting_appApp.swift; sourceTree = "<group>"; };
		E7001A202A4754D4001CE4C2 /* ContentView.swift */ = {isa = PBXFileReference; lastKnownFileType = sourcecode.swift; path = ContentView.swift; sourceTree = "<group>"; };
		E7001A222A4754D5001CE4C2 /* Assets.xcassets */ = {isa = PBXFileReference; lastKnownFileType = folder.assetcatalog; path = Assets.xcassets; sourceTree = "<group>"; };
		E7001A252A4754D6001CE4C2 /* Preview Assets.xcassets */ = {isa = PBXFileReference; lastKnownFileType = folder.assetcatalog; path = "Preview Assets.xcassets"; sourceTree = "<group>"; };
		E7001A2B2A4754D6001CE4C2 /* putting-appTests.xctest */ = {isa = PBXFileReference; explicitFileType = wrapper.cfbundle; includeInIndex = 0; path = "putting-appTests.xctest"; sourceTree = BUILT_PRODUCTS_DIR; };
		E7001A2F2A4754D6001CE4C2 /* putting_appTests.swift */ = {isa = PBXFileReference; lastKnownFileType = sourcecode.swift; path = putting_appTests.swift; sourceTree = "<group>"; };
		E7001A352A4754D6001CE4C2 /* putting-appUITests.xctest */ = {isa = PBXFileReference; explicitFileType = wrapper.cfbundle; includeInIndex = 0; path = "putting-appUITests.xctest"; sourceTree = BUILT_PRODUCTS_DIR; };
		E7001A392A4754D6001CE4C2 /* putting_appUITests.swift */ = {isa = PBXFileReference; lastKnownFileType = sourcecode.swift; path = putting_appUITests.swift; sourceTree = "<group>"; };
		E7001A3B2A4754D6001CE4C2 /* putting_appUITestsLaunchTests.swift */ = {isa = PBXFileReference; lastKnownFileType = sourcecode.swift; path = putting_appUITestsLaunchTests.swift; sourceTree = "<group>"; };
		E752D7872A47581B00D346E8 /* Info.plist */ = {isa = PBXFileReference; lastKnownFileType = text.plist; path = Info.plist; sourceTree = "<group>"; };
		E75FA2D92A4A180E0043B05E /* UIColor.swift */ = {isa = PBXFileReference; lastKnownFileType = sourcecode.swift; path = UIColor.swift; sourceTree = "<group>"; };
		E75FA2DB2A4A1B5D0043B05E /* CameraTestView.swift */ = {isa = PBXFileReference; lastKnownFileType = sourcecode.swift; path = CameraTestView.swift; sourceTree = "<group>"; };
		E79E8FC62A48E5C400F99574 /* putting-app.entitlements */ = {isa = PBXFileReference; lastKnownFileType = text.plist.entitlements; path = "putting-app.entitlements"; sourceTree = "<group>"; };
/* End PBXFileReference section */

/* Begin PBXFrameworksBuildPhase section */
		E7001A182A4754D4001CE4C2 /* Frameworks */ = {
			isa = PBXFrameworksBuildPhase;
			buildActionMask = 2147483647;
			files = (
			);
			runOnlyForDeploymentPostprocessing = 0;
		};
		E7001A282A4754D6001CE4C2 /* Frameworks */ = {
			isa = PBXFrameworksBuildPhase;
			buildActionMask = 2147483647;
			files = (
			);
			runOnlyForDeploymentPostprocessing = 0;
		};
		E7001A322A4754D6001CE4C2 /* Frameworks */ = {
			isa = PBXFrameworksBuildPhase;
			buildActionMask = 2147483647;
			files = (
			);
			runOnlyForDeploymentPostprocessing = 0;
		};
/* End PBXFrameworksBuildPhase section */

/* Begin PBXGroup section */
		E7001A122A4754D4001CE4C2 = {
			isa = PBXGroup;
			children = (
				E7001A1D2A4754D4001CE4C2 /* putting-app */,
				E7001A2E2A4754D6001CE4C2 /* putting-appTests */,
				E7001A382A4754D6001CE4C2 /* putting-appUITests */,
				E7001A1C2A4754D4001CE4C2 /* Products */,
			);
			sourceTree = "<group>";
		};
		E7001A1C2A4754D4001CE4C2 /* Products */ = {
			isa = PBXGroup;
			children = (
				E7001A1B2A4754D4001CE4C2 /* putting-app.app */,
				E7001A2B2A4754D6001CE4C2 /* putting-appTests.xctest */,
				E7001A352A4754D6001CE4C2 /* putting-appUITests.xctest */,
			);
			name = Products;
			sourceTree = "<group>";
		};
		E7001A1D2A4754D4001CE4C2 /* putting-app */ = {
			isa = PBXGroup;
			children = (
				E79E8FC62A48E5C400F99574 /* putting-app.entitlements */,
				E752D7872A47581B00D346E8 /* Info.plist */,
				E7001A1E2A4754D4001CE4C2 /* putting_appApp.swift */,
				E7001A202A4754D4001CE4C2 /* ContentView.swift */,
				E7001A222A4754D5001CE4C2 /* Assets.xcassets */,
				E7001A242A4754D6001CE4C2 /* Preview Content */,
				E75FA2D92A4A180E0043B05E /* UIColor.swift */,
				E75FA2DB2A4A1B5D0043B05E /* CameraTestView.swift */,
			);
			path = "putting-app";
			sourceTree = "<group>";
		};
		E7001A242A4754D6001CE4C2 /* Preview Content */ = {
			isa = PBXGroup;
			children = (
				E7001A252A4754D6001CE4C2 /* Preview Assets.xcassets */,
			);
			path = "Preview Content";
			sourceTree = "<group>";
		};
		E7001A2E2A4754D6001CE4C2 /* putting-appTests */ = {
			isa = PBXGroup;
			children = (
				E7001A2F2A4754D6001CE4C2 /* putting_appTests.swift */,
			);
			path = "putting-appTests";
			sourceTree = "<group>";
		};
		E7001A382A4754D6001CE4C2 /* putting-appUITests */ = {
			isa = PBXGroup;
			children = (
				E7001A392A4754D6001CE4C2 /* putting_appUITests.swift */,
				E7001A3B2A4754D6001CE4C2 /* putting_appUITestsLaunchTests.swift */,
			);
			path = "putting-appUITests";
			sourceTree = "<group>";
		};
/* End PBXGroup section */

/* Begin PBXNativeTarget section */
		E7001A1A2A4754D4001CE4C2 /* putting-app */ = {
			isa = PBXNativeTarget;
			buildConfigurationList = E7001A3F2A4754D6001CE4C2 /* Build configuration list for PBXNativeTarget "putting-app" */;
			buildPhases = (
				E7001A172A4754D4001CE4C2 /* Sources */,
				E7001A182A4754D4001CE4C2 /* Frameworks */,
				E7001A192A4754D4001CE4C2 /* Resources */,
			);
			buildRules = (
			);
			dependencies = (
			);
			name = "putting-app";
			productName = "putting-app";
			productReference = E7001A1B2A4754D4001CE4C2 /* putting-app.app */;
			productType = "com.apple.product-type.application";
		};
		E7001A2A2A4754D6001CE4C2 /* putting-appTests */ = {
			isa = PBXNativeTarget;
			buildConfigurationList = E7001A422A4754D6001CE4C2 /* Build configuration list for PBXNativeTarget "putting-appTests" */;
			buildPhases = (
				E7001A272A4754D6001CE4C2 /* Sources */,
				E7001A282A4754D6001CE4C2 /* Frameworks */,
				E7001A292A4754D6001CE4C2 /* Resources */,
			);
			buildRules = (
			);
			dependencies = (
				E7001A2D2A4754D6001CE4C2 /* PBXTargetDependency */,
			);
			name = "putting-appTests";
			productName = "putting-appTests";
			productReference = E7001A2B2A4754D6001CE4C2 /* putting-appTests.xctest */;
			productType = "com.apple.product-type.bundle.unit-test";
		};
		E7001A342A4754D6001CE4C2 /* putting-appUITests */ = {
			isa = PBXNativeTarget;
			buildConfigurationList = E7001A452A4754D6001CE4C2 /* Build configuration list for PBXNativeTarget "putting-appUITests" */;
			buildPhases = (
				E7001A312A4754D6001CE4C2 /* Sources */,
				E7001A322A4754D6001CE4C2 /* Frameworks */,
				E7001A332A4754D6001CE4C2 /* Resources */,
			);
			buildRules = (
			);
			dependencies = (
				E7001A372A4754D6001CE4C2 /* PBXTargetDependency */,
			);
			name = "putting-appUITests";
			productName = "putting-appUITests";
			productReference = E7001A352A4754D6001CE4C2 /* putting-appUITests.xctest */;
			productType = "com.apple.product-type.bundle.ui-testing";
		};
/* End PBXNativeTarget section */

/* Begin PBXProject section */
		E7001A132A4754D4001CE4C2 /* Project object */ = {
			isa = PBXProject;
			attributes = {
				BuildIndependentTargetsInParallel = 1;
				LastSwiftUpdateCheck = 1430;
				LastUpgradeCheck = 1430;
				TargetAttributes = {
					E7001A1A2A4754D4001CE4C2 = {
						CreatedOnToolsVersion = 14.3.1;
					};
					E7001A2A2A4754D6001CE4C2 = {
						CreatedOnToolsVersion = 14.3.1;
						TestTargetID = E7001A1A2A4754D4001CE4C2;
					};
					E7001A342A4754D6001CE4C2 = {
						CreatedOnToolsVersion = 14.3.1;
						TestTargetID = E7001A1A2A4754D4001CE4C2;
					};
				};
			};
			buildConfigurationList = E7001A162A4754D4001CE4C2 /* Build configuration list for PBXProject "putting-app" */;
			compatibilityVersion = "Xcode 14.0";
			developmentRegion = en;
			hasScannedForEncodings = 0;
			knownRegions = (
				en,
				Base,
			);
			mainGroup = E7001A122A4754D4001CE4C2;
			productRefGroup = E7001A1C2A4754D4001CE4C2 /* Products */;
			projectDirPath = "";
			projectRoot = "";
			targets = (
				E7001A1A2A4754D4001CE4C2 /* putting-app */,
				E7001A2A2A4754D6001CE4C2 /* putting-appTests */,
				E7001A342A4754D6001CE4C2 /* putting-appUITests */,
			);
		};
/* End PBXProject section */

/* Begin PBXResourcesBuildPhase section */
		E7001A192A4754D4001CE4C2 /* Resources */ = {
			isa = PBXResourcesBuildPhase;
			buildActionMask = 2147483647;
			files = (
				E7001A262A4754D6001CE4C2 /* Preview Assets.xcassets in Resources */,
				E7001A232A4754D5001CE4C2 /* Assets.xcassets in Resources */,
			);
			runOnlyForDeploymentPostprocessing = 0;
		};
		E7001A292A4754D6001CE4C2 /* Resources */ = {
			isa = PBXResourcesBuildPhase;
			buildActionMask = 2147483647;
			files = (
			);
			runOnlyForDeploymentPostprocessing = 0;
		};
		E7001A332A4754D6001CE4C2 /* Resources */ = {
			isa = PBXResourcesBuildPhase;
			buildActionMask = 2147483647;
			files = (
			);
			runOnlyForDeploymentPostprocessing = 0;
		};
/* End PBXResourcesBuildPhase section */

/* Begin PBXSourcesBuildPhase section */
		E7001A172A4754D4001CE4C2 /* Sources */ = {
			isa = PBXSourcesBuildPhase;
			buildActionMask = 2147483647;
			files = (
				E7001A212A4754D4001CE4C2 /* ContentView.swift in Sources */,
				E75FA2DA2A4A180E0043B05E /* UIColor.swift in Sources */,
				E7001A1F2A4754D4001CE4C2 /* putting_appApp.swift in Sources */,
				E75FA2DC2A4A1B5D0043B05E /* CameraTestView.swift in Sources */,
			);
			runOnlyForDeploymentPostprocessing = 0;
		};
		E7001A272A4754D6001CE4C2 /* Sources */ = {
			isa = PBXSourcesBuildPhase;
			buildActionMask = 2147483647;
			files = (
				E7001A302A4754D6001CE4C2 /* putting_appTests.swift in Sources */,
			);
			runOnlyForDeploymentPostprocessing = 0;
		};
		E7001A312A4754D6001CE4C2 /* Sources */ = {
			isa = PBXSourcesBuildPhase;
			buildActionMask = 2147483647;
			files = (
				E7001A3C2A4754D6001CE4C2 /* putting_appUITestsLaunchTests.swift in Sources */,
				E7001A3A2A4754D6001CE4C2 /* putting_appUITests.swift in Sources */,
			);
			runOnlyForDeploymentPostprocessing = 0;
		};
/* End PBXSourcesBuildPhase section */

/* Begin PBXTargetDependency section */
		E7001A2D2A4754D6001CE4C2 /* PBXTargetDependency */ = {
			isa = PBXTargetDependency;
			target = E7001A1A2A4754D4001CE4C2 /* putting-app */;
			targetProxy = E7001A2C2A4754D6001CE4C2 /* PBXContainerItemProxy */;
		};
		E7001A372A4754D6001CE4C2 /* PBXTargetDependency */ = {
			isa = PBXTargetDependency;
			target = E7001A1A2A4754D4001CE4C2 /* putting-app */;
			targetProxy = E7001A362A4754D6001CE4C2 /* PBXContainerItemProxy */;
		};
/* End PBXTargetDependency section */

/* Begin XCBuildConfiguration section */
		E7001A3D2A4754D6001CE4C2 /* Debug */ = {
			isa = XCBuildConfiguration;
			buildSettings = {
				ALWAYS_SEARCH_USER_PATHS = NO;
				CLANG_ANALYZER_NONNULL = YES;
				CLANG_ANALYZER_NUMBER_OBJECT_CONVERSION = YES_AGGRESSIVE;
				CLANG_CXX_LANGUAGE_STANDARD = "gnu++20";
				CLANG_ENABLE_MODULES = YES;
				CLANG_ENABLE_OBJC_ARC = YES;
				CLANG_ENABLE_OBJC_WEAK = YES;
				CLANG_WARN_BLOCK_CAPTURE_AUTORELEASING = YES;
				CLANG_WARN_BOOL_CONVERSION = YES;
				CLANG_WARN_COMMA = YES;
				CLANG_WARN_CONSTANT_CONVERSION = YES;
				CLANG_WARN_DEPRECATED_OBJC_IMPLEMENTATIONS = YES;
				CLANG_WARN_DIRECT_OBJC_ISA_USAGE = YES_ERROR;
				CLANG_WARN_DOCUMENTATION_COMMENTS = YES;
				CLANG_WARN_EMPTY_BODY = YES;
				CLANG_WARN_ENUM_CONVERSION = YES;
				CLANG_WARN_INFINITE_RECURSION = YES;
				CLANG_WARN_INT_CONVERSION = YES;
				CLANG_WARN_NON_LITERAL_NULL_CONVERSION = YES;
				CLANG_WARN_OBJC_IMPLICIT_RETAIN_SELF = YES;
				CLANG_WARN_OBJC_LITERAL_CONVERSION = YES;
				CLANG_WARN_OBJC_ROOT_CLASS = YES_ERROR;
				CLANG_WARN_QUOTED_INCLUDE_IN_FRAMEWORK_HEADER = YES;
				CLANG_WARN_RANGE_LOOP_ANALYSIS = YES;
				CLANG_WARN_STRICT_PROTOTYPES = YES;
				CLANG_WARN_SUSPICIOUS_MOVE = YES;
				CLANG_WARN_UNGUARDED_AVAILABILITY = YES_AGGRESSIVE;
				CLANG_WARN_UNREACHABLE_CODE = YES;
				CLANG_WARN__DUPLICATE_METHOD_MATCH = YES;
				COPY_PHASE_STRIP = NO;
				DEBUG_INFORMATION_FORMAT = dwarf;
				ENABLE_STRICT_OBJC_MSGSEND = YES;
				ENABLE_TESTABILITY = YES;
				GCC_C_LANGUAGE_STANDARD = gnu11;
				GCC_DYNAMIC_NO_PIC = NO;
				GCC_NO_COMMON_BLOCKS = YES;
				GCC_OPTIMIZATION_LEVEL = 0;
				GCC_PREPROCESSOR_DEFINITIONS = (
					"DEBUG=1",
					"$(inherited)",
				);
				GCC_WARN_64_TO_32_BIT_CONVERSION = YES;
				GCC_WARN_ABOUT_RETURN_TYPE = YES_ERROR;
				GCC_WARN_UNDECLARED_SELECTOR = YES;
				GCC_WARN_UNINITIALIZED_AUTOS = YES_AGGRESSIVE;
				GCC_WARN_UNUSED_FUNCTION = YES;
				GCC_WARN_UNUSED_VARIABLE = YES;
				IPHONEOS_DEPLOYMENT_TARGET = 15.0;
				MTL_ENABLE_DEBUG_INFO = INCLUDE_SOURCE;
				MTL_FAST_MATH = YES;
				ONLY_ACTIVE_ARCH = YES;
				SDKROOT = iphoneos;
				SWIFT_ACTIVE_COMPILATION_CONDITIONS = DEBUG;
				SWIFT_OPTIMIZATION_LEVEL = "-Onone";
			};
			name = Debug;
		};
		E7001A3E2A4754D6001CE4C2 /* Release */ = {
			isa = XCBuildConfiguration;
			buildSettings = {
				ALWAYS_SEARCH_USER_PATHS = NO;
				CLANG_ANALYZER_NONNULL = YES;
				CLANG_ANALYZER_NUMBER_OBJECT_CONVERSION = YES_AGGRESSIVE;
				CLANG_CXX_LANGUAGE_STANDARD = "gnu++20";
				CLANG_ENABLE_MODULES = YES;
				CLANG_ENABLE_OBJC_ARC = YES;
				CLANG_ENABLE_OBJC_WEAK = YES;
				CLANG_WARN_BLOCK_CAPTURE_AUTORELEASING = YES;
				CLANG_WARN_BOOL_CONVERSION = YES;
				CLANG_WARN_COMMA = YES;
				CLANG_WARN_CONSTANT_CONVERSION = YES;
				CLANG_WARN_DEPRECATED_OBJC_IMPLEMENTATIONS = YES;
				CLANG_WARN_DIRECT_OBJC_ISA_USAGE = YES_ERROR;
				CLANG_WARN_DOCUMENTATION_COMMENTS = YES;
				CLANG_WARN_EMPTY_BODY = YES;
				CLANG_WARN_ENUM_CONVERSION = YES;
				CLANG_WARN_INFINITE_RECURSION = YES;
				CLANG_WARN_INT_CONVERSION = YES;
				CLANG_WARN_NON_LITERAL_NULL_CONVERSION = YES;
				CLANG_WARN_OBJC_IMPLICIT_RETAIN_SELF = YES;
				CLANG_WARN_OBJC_LITERAL_CONVERSION = YES;
				CLANG_WARN_OBJC_ROOT_CLASS = YES_ERROR;
				CLANG_WARN_QUOTED_INCLUDE_IN_FRAMEWORK_HEADER = YES;
				CLANG_WARN_RANGE_LOOP_ANALYSIS = YES;
				CLANG_WARN_STRICT_PROTOTYPES = YES;
				CLANG_WARN_SUSPICIOUS_MOVE = YES;
				CLANG_WARN_UNGUARDED_AVAILABILITY = YES_AGGRESSIVE;
				CLANG_WARN_UNREACHABLE_CODE = YES;
				CLANG_WARN__DUPLICATE_METHOD_MATCH = YES;
				COPY_PHASE_STRIP = NO;
				DEBUG_INFORMATION_FORMAT = "dwarf-with-dsym";
				ENABLE_NS_ASSERTIONS = NO;
				ENABLE_STRICT_OBJC_MSGSEND = YES;
				GCC_C_LANGUAGE_STANDARD = gnu11;
				GCC_NO_COMMON_BLOCKS = YES;
				GCC_WARN_64_TO_32_BIT_CONVERSION = YES;
				GCC_WARN_ABOUT_RETURN_TYPE = YES_ERROR;
				GCC_WARN_UNDECLARED_SELECTOR = YES;
				GCC_WARN_UNINITIALIZED_AUTOS = YES_AGGRESSIVE;
				GCC_WARN_UNUSED_FUNCTION = YES;
				GCC_WARN_UNUSED_VARIABLE = YES;
				IPHONEOS_DEPLOYMENT_TARGET = 15.0;
				MTL_ENABLE_DEBUG_INFO = NO;
				MTL_FAST_MATH = YES;
				SDKROOT = iphoneos;
				SWIFT_COMPILATION_MODE = wholemodule;
				SWIFT_OPTIMIZATION_LEVEL = "-O";
				VALIDATE_PRODUCT = YES;
			};
			name = Release;
		};
		E7001A402A4754D6001CE4C2 /* Debug */ = {
			isa = XCBuildConfiguration;
			buildSettings = {
				ASSETCATALOG_COMPILER_APPICON_NAME = AppIcon;
				ASSETCATALOG_COMPILER_GLOBAL_ACCENT_COLOR_NAME = AccentColor;
				CODE_SIGN_ENTITLEMENTS = "putting-app/putting-app.entitlements";
				CODE_SIGN_STYLE = Automatic;
				CURRENT_PROJECT_VERSION = 1;
				DEVELOPMENT_ASSET_PATHS = "\"putting-app/Preview Content\"";
				DEVELOPMENT_TEAM = 6ZUDY23X5L;
				ENABLE_PREVIEWS = YES;
				GENERATE_INFOPLIST_FILE = YES;
				INFOPLIST_FILE = "putting-app/Info.plist";
				INFOPLIST_KEY_CFBundleDisplayName = "";
				INFOPLIST_KEY_LSApplicationCategoryType = "";
				INFOPLIST_KEY_NSCameraUsageDescription = "Allow access to the camera to track the golf ball";
				INFOPLIST_KEY_UIApplicationSceneManifest_Generation = YES;
				INFOPLIST_KEY_UIApplicationSupportsIndirectInputEvents = YES;
				INFOPLIST_KEY_UILaunchScreen_Generation = YES;
				INFOPLIST_KEY_UISupportedInterfaceOrientations_iPad = "UIInterfaceOrientationPortrait UIInterfaceOrientationPortraitUpsideDown UIInterfaceOrientationLandscapeLeft UIInterfaceOrientationLandscapeRight";
				INFOPLIST_KEY_UISupportedInterfaceOrientations_iPhone = "UIInterfaceOrientationPortrait UIInterfaceOrientationLandscapeLeft UIInterfaceOrientationLandscapeRight";
				IPHONEOS_DEPLOYMENT_TARGET = 16.0;
				LD_RUNPATH_SEARCH_PATHS = (
					"$(inherited)",
					"@executable_path/Frameworks",
				);
				MARKETING_VERSION = 1.0;
				PRODUCT_BUNDLE_IDENTIFIER = "derekstory.putting-app";
				PRODUCT_NAME = "$(TARGET_NAME)";
				SWIFT_EMIT_LOC_STRINGS = YES;
				SWIFT_VERSION = 5.0;
				TARGETED_DEVICE_FAMILY = "1,2";
			};
			name = Debug;
		};
		E7001A412A4754D6001CE4C2 /* Release */ = {
			isa = XCBuildConfiguration;
			buildSettings = {
				ASSETCATALOG_COMPILER_APPICON_NAME = AppIcon;
				ASSETCATALOG_COMPILER_GLOBAL_ACCENT_COLOR_NAME = AccentColor;
				CODE_SIGN_ENTITLEMENTS = "putting-app/putting-app.entitlements";
				CODE_SIGN_STYLE = Automatic;
				CURRENT_PROJECT_VERSION = 1;
				DEVELOPMENT_ASSET_PATHS = "\"putting-app/Preview Content\"";
				DEVELOPMENT_TEAM = 6ZUDY23X5L;
				ENABLE_PREVIEWS = YES;
				GENERATE_INFOPLIST_FILE = YES;
				INFOPLIST_FILE = "putting-app/Info.plist";
				INFOPLIST_KEY_CFBundleDisplayName = "";
				INFOPLIST_KEY_LSApplicationCategoryType = "";
				INFOPLIST_KEY_NSCameraUsageDescription = "Allow access to the camera to track the golf ball";
				INFOPLIST_KEY_UIApplicationSceneManifest_Generation = YES;
				INFOPLIST_KEY_UIApplicationSupportsIndirectInputEvents = YES;
				INFOPLIST_KEY_UILaunchScreen_Generation = YES;
				INFOPLIST_KEY_UISupportedInterfaceOrientations_iPad = "UIInterfaceOrientationPortrait UIInterfaceOrientationPortraitUpsideDown UIInterfaceOrientationLandscapeLeft UIInterfaceOrientationLandscapeRight";
				INFOPLIST_KEY_UISupportedInterfaceOrientations_iPhone = "UIInterfaceOrientationPortrait UIInterfaceOrientationLandscapeLeft UIInterfaceOrientationLandscapeRight";
				IPHONEOS_DEPLOYMENT_TARGET = 16.0;
				LD_RUNPATH_SEARCH_PATHS = (
					"$(inherited)",
					"@executable_path/Frameworks",
				);
				MARKETING_VERSION = 1.0;
				PRODUCT_BUNDLE_IDENTIFIER = "derekstory.putting-app";
				PRODUCT_NAME = "$(TARGET_NAME)";
				SWIFT_EMIT_LOC_STRINGS = YES;
				SWIFT_VERSION = 5.0;
				TARGETED_DEVICE_FAMILY = "1,2";
			};
			name = Release;
		};
		E7001A432A4754D6001CE4C2 /* Debug */ = {
			isa = XCBuildConfiguration;
			buildSettings = {
				ALWAYS_EMBED_SWIFT_STANDARD_LIBRARIES = YES;
				BUNDLE_LOADER = "$(TEST_HOST)";
				CODE_SIGN_STYLE = Automatic;
				CURRENT_PROJECT_VERSION = 1;
				DEVELOPMENT_TEAM = 6ZUDY23X5L;
				GENERATE_INFOPLIST_FILE = YES;
				IPHONEOS_DEPLOYMENT_TARGET = 16.4;
				MARKETING_VERSION = 1.0;
				PRODUCT_BUNDLE_IDENTIFIER = "derekstory.putting-appTests";
				PRODUCT_NAME = "$(TARGET_NAME)";
				SWIFT_EMIT_LOC_STRINGS = NO;
				SWIFT_VERSION = 5.0;
				TARGETED_DEVICE_FAMILY = "1,2";
				TEST_HOST = "$(BUILT_PRODUCTS_DIR)/putting-app.app/$(BUNDLE_EXECUTABLE_FOLDER_PATH)/putting-app";
			};
			name = Debug;
		};
		E7001A442A4754D6001CE4C2 /* Release */ = {
			isa = XCBuildConfiguration;
			buildSettings = {
				ALWAYS_EMBED_SWIFT_STANDARD_LIBRARIES = YES;
				BUNDLE_LOADER = "$(TEST_HOST)";
				CODE_SIGN_STYLE = Automatic;
				CURRENT_PROJECT_VERSION = 1;
				DEVELOPMENT_TEAM = 6ZUDY23X5L;
				GENERATE_INFOPLIST_FILE = YES;
				IPHONEOS_DEPLOYMENT_TARGET = 16.4;
				MARKETING_VERSION = 1.0;
				PRODUCT_BUNDLE_IDENTIFIER = "derekstory.putting-appTests";
				PRODUCT_NAME = "$(TARGET_NAME)";
				SWIFT_EMIT_LOC_STRINGS = NO;
				SWIFT_VERSION = 5.0;
				TARGETED_DEVICE_FAMILY = "1,2";
				TEST_HOST = "$(BUILT_PRODUCTS_DIR)/putting-app.app/$(BUNDLE_EXECUTABLE_FOLDER_PATH)/putting-app";
			};
			name = Release;
		};
		E7001A462A4754D6001CE4C2 /* Debug */ = {
			isa = XCBuildConfiguration;
			buildSettings = {
				ALWAYS_EMBED_SWIFT_STANDARD_LIBRARIES = YES;
				CODE_SIGN_STYLE = Automatic;
				CURRENT_PROJECT_VERSION = 1;
				DEVELOPMENT_TEAM = 6ZUDY23X5L;
				GENERATE_INFOPLIST_FILE = YES;
				MARKETING_VERSION = 1.0;
				PRODUCT_BUNDLE_IDENTIFIER = "derekstory.putting-appUITests";
				PRODUCT_NAME = "$(TARGET_NAME)";
				SWIFT_EMIT_LOC_STRINGS = NO;
				SWIFT_VERSION = 5.0;
				TARGETED_DEVICE_FAMILY = "1,2";
				TEST_TARGET_NAME = "putting-app";
			};
			name = Debug;
		};
		E7001A472A4754D6001CE4C2 /* Release */ = {
			isa = XCBuildConfiguration;
			buildSettings = {
				ALWAYS_EMBED_SWIFT_STANDARD_LIBRARIES = YES;
				CODE_SIGN_STYLE = Automatic;
				CURRENT_PROJECT_VERSION = 1;
				DEVELOPMENT_TEAM = 6ZUDY23X5L;
				GENERATE_INFOPLIST_FILE = YES;
				MARKETING_VERSION = 1.0;
				PRODUCT_BUNDLE_IDENTIFIER = "derekstory.putting-appUITests";
				PRODUCT_NAME = "$(TARGET_NAME)";
				SWIFT_EMIT_LOC_STRINGS = NO;
				SWIFT_VERSION = 5.0;
				TARGETED_DEVICE_FAMILY = "1,2";
				TEST_TARGET_NAME = "putting-app";
			};
			name = Release;
		};
/* End XCBuildConfiguration section */

/* Begin XCConfigurationList section */
		E7001A162A4754D4001CE4C2 /* Build configuration list for PBXProject "putting-app" */ = {
			isa = XCConfigurationList;
			buildConfigurations = (
				E7001A3D2A4754D6001CE4C2 /* Debug */,
				E7001A3E2A4754D6001CE4C2 /* Release */,
			);
			defaultConfigurationIsVisible = 0;
			defaultConfigurationName = Release;
		};
		E7001A3F2A4754D6001CE4C2 /* Build configuration list for PBXNativeTarget "putting-app" */ = {
			isa = XCConfigurationList;
			buildConfigurations = (
				E7001A402A4754D6001CE4C2 /* Debug */,
				E7001A412A4754D6001CE4C2 /* Release */,
			);
			defaultConfigurationIsVisible = 0;
			defaultConfigurationName = Release;
		};
		E7001A422A4754D6001CE4C2 /* Build configuration list for PBXNativeTarget "putting-appTests" */ = {
			isa = XCConfigurationList;
			buildConfigurations = (
				E7001A432A4754D6001CE4C2 /* Debug */,
				E7001A442A4754D6001CE4C2 /* Release */,
			);
			defaultConfigurationIsVisible = 0;
			defaultConfigurationName = Release;
		};
		E7001A452A4754D6001CE4C2 /* Build configuration list for PBXNativeTarget "putting-appUITests" */ = {
			isa = XCConfigurationList;
			buildConfigurations = (
				E7001A462A4754D6001CE4C2 /* Debug */,
				E7001A472A4754D6001CE4C2 /* Release */,
			);
			defaultConfigurationIsVisible = 0;
			defaultConfigurationName = Release;
		};
/* End XCConfigurationList section */
	};
	rootObject = E7001A132A4754D4001CE4C2 /* Project object */;
}
